
Microsoft Visual Studio Solution File, Format Version 10.00
# Visual Studio 2008
Project("{FAE04EC0-301F-11D3-BF4B-00C04F79EFBC}") = "MonitoringClient", "MonitoringClient\MonitoringClient.csproj", "{F276DB8F-CF7F-49FF-A174-F1B00808C010}"
EndProject
Global
	GlobalSection(SolutionConfigurationPlatforms) = preSolution
		Debug|Any CPU = Debug|Any CPU
		Release|Any CPU = Release|Any CPU
	EndGlobalSection
	GlobalSection(ProjectConfigurationPlatforms) = postSolution
		{F276DB8F-CF7F-49FF-A174-F1B00808C010}.Debug|Any CPU.ActiveCfg = Debug|Any CPU
		{F276DB8F-CF7F-49FF-A174-F1B00808C010}.Debug|Any CPU.Build.0 = Debug|Any CPU
		{F276DB8F-CF7F-49FF-A174-F1B00808C010}.Release|Any CPU.ActiveCfg = Release|Any CPU
		{F276DB8F-CF7F-49FF-A174-F1B00808C010}.Release|Any CPU.Build.0 = Release|Any CPU
	EndGlobalSection
	GlobalSection(SolutionProperties) = preSolution
		HideSolutionNode = FALSE
	EndGlobalSection
EndGlobal
